// !$*UTF8*$!
{
	archiveVersion = 1;
	classes = {
	};
	objectVersion = 55;
	objects = {

/* Begin PBXBuildFile section */
		04853165292399C500D37F59 /* Player.storyboard in Resources */ = {isa = PBXBuildFile; fileRef = 04853164292399C500D37F59 /* Player.storyboard */; };
		04853167292399FA00D37F59 /* PlayerViewController.swift in Sources */ = {isa = PBXBuildFile; fileRef = 04853166292399FA00D37F59 /* PlayerViewController.swift */; };
		048531692924B3D400D37F59 /* HomeItemListViewCell.swift in Sources */ = {isa = PBXBuildFile; fileRef = 048531682924B3D400D37F59 /* HomeItemListViewCell.swift */; };
		04B07A492920E384003F896F /* AppDelegate.swift in Sources */ = {isa = PBXBuildFile; fileRef = 04B07A482920E384003F896F /* AppDelegate.swift */; };
		04B07A4B2920E384003F896F /* SceneDelegate.swift in Sources */ = {isa = PBXBuildFile; fileRef = 04B07A4A2920E384003F896F /* SceneDelegate.swift */; };
		04B07A4D2920E384003F896F /* MainViewController.swift in Sources */ = {isa = PBXBuildFile; fileRef = 04B07A4C2920E384003F896F /* MainViewController.swift */; };
		04B07A502920E384003F896F /* Main.storyboard in Resources */ = {isa = PBXBuildFile; fileRef = 04B07A4E2920E384003F896F /* Main.storyboard */; };
		04B07A522920E387003F896F /* Assets.xcassets in Resources */ = {isa = PBXBuildFile; fileRef = 04B07A512920E387003F896F /* Assets.xcassets */; };
		04B07A552920E387003F896F /* LaunchScreen.storyboard in Resources */ = {isa = PBXBuildFile; fileRef = 04B07A532920E387003F896F /* LaunchScreen.storyboard */; };
		04B07A6429212098003F896F /* Home.storyboard in Resources */ = {isa = PBXBuildFile; fileRef = 04B07A6329212098003F896F /* Home.storyboard */; };
		04B07A66292120A9003F896F /* Explore.storyboard in Resources */ = {isa = PBXBuildFile; fileRef = 04B07A65292120A9003F896F /* Explore.storyboard */; };
		04B07A68292120BC003F896F /* Favorite.storyboard in Resources */ = {isa = PBXBuildFile; fileRef = 04B07A67292120BC003F896F /* Favorite.storyboard */; };
		04B07A6A292120D3003F896F /* Download.storyboard in Resources */ = {isa = PBXBuildFile; fileRef = 04B07A69292120D3003F896F /* Download.storyboard */; };
		04B07A6D292121F9003F896F /* HomeViewController.swift in Sources */ = {isa = PBXBuildFile; fileRef = 04B07A6C292121F9003F896F /* HomeViewController.swift */; };
		04B07A6F292122AD003F896F /* ExploreViewController.swift in Sources */ = {isa = PBXBuildFile; fileRef = 04B07A6E292122AD003F896F /* ExploreViewController.swift */; };
		04B07A712921244B003F896F /* FavoriteViewController.swift in Sources */ = {isa = PBXBuildFile; fileRef = 04B07A702921244B003F896F /* FavoriteViewController.swift */; };
		04B07A732921245E003F896F /* DownloadViewController.swift in Sources */ = {isa = PBXBuildFile; fileRef = 04B07A722921245E003F896F /* DownloadViewController.swift */; };
		04B07A7529212EC6003F896F /* UIColorExtensions.swift in Sources */ = {isa = PBXBuildFile; fileRef = 04B07A7429212EC5003F896F /* UIColorExtensions.swift */; };
		04B07A7829213373003F896F /* Service.swift in Sources */ = {isa = PBXBuildFile; fileRef = 04B07A7729213373003F896F /* Service.swift */; };
		04EBEFBD2924CBF500CEA85F /* HomeItem1ViewCell.swift in Sources */ = {isa = PBXBuildFile; fileRef = 04EBEFBC2924CBF500CEA85F /* HomeItem1ViewCell.swift */; };
		04EBEFBF2924CC1400CEA85F /* HomeItem2ViewCell.swift in Sources */ = {isa = PBXBuildFile; fileRef = 04EBEFBE2924CC1400CEA85F /* HomeItem2ViewCell.swift */; };
		E13F65B752778AD0FD134237 /* Pods_PodcastFTiOS.framework in Frameworks */ = {isa = PBXBuildFile; fileRef = 163E3FD4F2A0082138F075E7 /* Pods_PodcastFTiOS.framework */; };
/* End PBXBuildFile section */

/* Begin PBXFileReference section */
		04853164292399C500D37F59 /* Player.storyboard */ = {isa = PBXFileReference; lastKnownFileType = file.storyboard; path = Player.storyboard; sourceTree = "<group>"; };
		04853166292399FA00D37F59 /* PlayerViewController.swift */ = {isa = PBXFileReference; lastKnownFileType = sourcecode.swift; path = PlayerViewController.swift; sourceTree = "<group>"; };
		048531682924B3D400D37F59 /* HomeItemListViewCell.swift */ = {isa = PBXFileReference; lastKnownFileType = sourcecode.swift; path = HomeItemListViewCell.swift; sourceTree = "<group>"; };
		04B07A452920E384003F896F /* PodcastFTiOS.app */ = {isa = PBXFileReference; explicitFileType = wrapper.application; includeInIndex = 0; path = PodcastFTiOS.app; sourceTree = BUILT_PRODUCTS_DIR; };
		04B07A482920E384003F896F /* AppDelegate.swift */ = {isa = PBXFileReference; lastKnownFileType = sourcecode.swift; path = AppDelegate.swift; sourceTree = "<group>"; };
		04B07A4A2920E384003F896F /* SceneDelegate.swift */ = {isa = PBXFileReference; lastKnownFileType = sourcecode.swift; path = SceneDelegate.swift; sourceTree = "<group>"; };
		04B07A4C2920E384003F896F /* MainViewController.swift */ = {isa = PBXFileReference; lastKnownFileType = sourcecode.swift; path = MainViewController.swift; sourceTree = "<group>"; };
		04B07A4F2920E384003F896F /* Base */ = {isa = PBXFileReference; lastKnownFileType = file.storyboard; name = Base; path = Base.lproj/Main.storyboard; sourceTree = "<group>"; };
		04B07A512920E387003F896F /* Assets.xcassets */ = {isa = PBXFileReference; lastKnownFileType = folder.assetcatalog; path = Assets.xcassets; sourceTree = "<group>"; };
		04B07A542920E387003F896F /* Base */ = {isa = PBXFileReference; lastKnownFileType = file.storyboard; name = Base; path = Base.lproj/LaunchScreen.storyboard; sourceTree = "<group>"; };
		04B07A562920E387003F896F /* Info.plist */ = {isa = PBXFileReference; lastKnownFileType = text.plist.xml; path = Info.plist; sourceTree = "<group>"; };
		04B07A6329212098003F896F /* Home.storyboard */ = {isa = PBXFileReference; lastKnownFileType = file.storyboard; path = Home.storyboard; sourceTree = "<group>"; };
		04B07A65292120A9003F896F /* Explore.storyboard */ = {isa = PBXFileReference; lastKnownFileType = file.storyboard; path = Explore.storyboard; sourceTree = "<group>"; };
		04B07A67292120BC003F896F /* Favorite.storyboard */ = {isa = PBXFileReference; lastKnownFileType = file.storyboard; path = Favorite.storyboard; sourceTree = "<group>"; };
		04B07A69292120D3003F896F /* Download.storyboard */ = {isa = PBXFileReference; lastKnownFileType = file.storyboard; path = Download.storyboard; sourceTree = "<group>"; };
		04B07A6C292121F9003F896F /* HomeViewController.swift */ = {isa = PBXFileReference; lastKnownFileType = sourcecode.swift; path = HomeViewController.swift; sourceTree = "<group>"; };
		04B07A6E292122AD003F896F /* ExploreViewController.swift */ = {isa = PBXFileReference; lastKnownFileType = sourcecode.swift; path = ExploreViewController.swift; sourceTree = "<group>"; };
		04B07A702921244B003F896F /* FavoriteViewController.swift */ = {isa = PBXFileReference; lastKnownFileType = sourcecode.swift; path = FavoriteViewController.swift; sourceTree = "<group>"; };
		04B07A722921245E003F896F /* DownloadViewController.swift */ = {isa = PBXFileReference; lastKnownFileType = sourcecode.swift; path = DownloadViewController.swift; sourceTree = "<group>"; };
		04B07A7429212EC5003F896F /* UIColorExtensions.swift */ = {isa = PBXFileReference; fileEncoding = 4; lastKnownFileType = sourcecode.swift; path = UIColorExtensions.swift; sourceTree = "<group>"; };
		04B07A7729213373003F896F /* Service.swift */ = {isa = PBXFileReference; fileEncoding = 4; lastKnownFileType = sourcecode.swift; path = Service.swift; sourceTree = "<group>"; };
		04EBEFBC2924CBF500CEA85F /* HomeItem1ViewCell.swift */ = {isa = PBXFileReference; lastKnownFileType = sourcecode.swift; path = HomeItem1ViewCell.swift; sourceTree = "<group>"; };
		04EBEFBE2924CC1400CEA85F /* HomeItem2ViewCell.swift */ = {isa = PBXFileReference; lastKnownFileType = sourcecode.swift; path = HomeItem2ViewCell.swift; sourceTree = "<group>"; };
		163E3FD4F2A0082138F075E7 /* Pods_PodcastFTiOS.framework */ = {isa = PBXFileReference; explicitFileType = wrapper.framework; includeInIndex = 0; path = Pods_PodcastFTiOS.framework; sourceTree = BUILT_PRODUCTS_DIR; };
		17B45833825C94D1C92D3969 /* Pods-PodcastFTiOS.release.xcconfig */ = {isa = PBXFileReference; includeInIndex = 1; lastKnownFileType = text.xcconfig; name = "Pods-PodcastFTiOS.release.xcconfig"; path = "Target Support Files/Pods-PodcastFTiOS/Pods-PodcastFTiOS.release.xcconfig"; sourceTree = "<group>"; };
		50C6DFD47814283F0892E8BA /* Pods-PodcastFTiOS.debug.xcconfig */ = {isa = PBXFileReference; includeInIndex = 1; lastKnownFileType = text.xcconfig; name = "Pods-PodcastFTiOS.debug.xcconfig"; path = "Target Support Files/Pods-PodcastFTiOS/Pods-PodcastFTiOS.debug.xcconfig"; sourceTree = "<group>"; };
/* End PBXFileReference section */

/* Begin PBXFrameworksBuildPhase section */
		04B07A422920E384003F896F /* Frameworks */ = {
			isa = PBXFrameworksBuildPhase;
			buildActionMask = 2147483647;
			files = (
				E13F65B752778AD0FD134237 /* Pods_PodcastFTiOS.framework in Frameworks */,
			);
			runOnlyForDeploymentPostprocessing = 0;
		};
/* End PBXFrameworksBuildPhase section */

/* Begin PBXGroup section */
		048531632923986100D37F59 /* Player */ = {
			isa = PBXGroup;
			children = (
				04853164292399C500D37F59 /* Player.storyboard */,
				04853166292399FA00D37F59 /* PlayerViewController.swift */,
			);
			path = Player;
			sourceTree = "<group>";
		};
		04B07A3C2920E384003F896F = {
			isa = PBXGroup;
			children = (
				04B07A472920E384003F896F /* PodcastFTiOS */,
				04B07A462920E384003F896F /* Products */,
				6442C39C0281DC2D4509458A /* Pods */,
				0F243D33117B24B64805CF7F /* Frameworks */,
			);
			sourceTree = "<group>";
		};
		04B07A462920E384003F896F /* Products */ = {
			isa = PBXGroup;
			children = (
				04B07A452920E384003F896F /* PodcastFTiOS.app */,
			);
			name = Products;
			sourceTree = "<group>";
		};
		04B07A472920E384003F896F /* PodcastFTiOS */ = {
			isa = PBXGroup;
			children = (
				04B07A7629212ED3003F896F /* Extensions */,
				04B07A5C29211918003F896F /* API */,
				04B07A5D2921193A003F896F /* Models */,
				04B07A5E29211967003F896F /* Modules */,
				04B07A482920E384003F896F /* AppDelegate.swift */,
				04B07A4A2920E384003F896F /* SceneDelegate.swift */,
				04B07A512920E387003F896F /* Assets.xcassets */,
				04B07A532920E387003F896F /* LaunchScreen.storyboard */,
				04B07A562920E387003F896F /* Info.plist */,
			);
			path = PodcastFTiOS;
			sourceTree = "<group>";
		};
		04B07A5C29211918003F896F /* API */ = {
			isa = PBXGroup;
			children = (
			);
			path = API;
			sourceTree = "<group>";
		};
		04B07A5D2921193A003F896F /* Models */ = {
			isa = PBXGroup;
			children = (
				04B07A7729213373003F896F /* Service.swift */,
			);
			path = Models;
			sourceTree = "<group>";
		};
		04B07A5E29211967003F896F /* Modules */ = {
			isa = PBXGroup;
			children = (
				04B07A6B29212144003F896F /* Main */,
				04B07A5F29211BFE003F896F /* Home */,
				04B07A6029211C17003F896F /* Explore */,
				04B07A6129211C24003F896F /* Favorite */,
				04B07A622921204F003F896F /* Downloads */,
				048531632923986100D37F59 /* Player */,
			);
			path = Modules;
			sourceTree = "<group>";
		};
		04B07A5F29211BFE003F896F /* Home */ = {
			isa = PBXGroup;
			children = (
				04B07A6329212098003F896F /* Home.storyboard */,
				04B07A6C292121F9003F896F /* HomeViewController.swift */,
				048531682924B3D400D37F59 /* HomeItemListViewCell.swift */,
				04EBEFBC2924CBF500CEA85F /* HomeItem1ViewCell.swift */,
				04EBEFBE2924CC1400CEA85F /* HomeItem2ViewCell.swift */,
			);
			path = Home;
			sourceTree = "<group>";
		};
		04B07A6029211C17003F896F /* Explore */ = {
			isa = PBXGroup;
			children = (
				04B07A65292120A9003F896F /* Explore.storyboard */,
				04B07A6E292122AD003F896F /* ExploreViewController.swift */,
			);
			path = Explore;
			sourceTree = "<group>";
		};
		04B07A6129211C24003F896F /* Favorite */ = {
			isa = PBXGroup;
			children = (
				04B07A67292120BC003F896F /* Favorite.storyboard */,
				04B07A702921244B003F896F /* FavoriteViewController.swift */,
			);
			path = Favorite;
			sourceTree = "<group>";
		};
		04B07A622921204F003F896F /* Downloads */ = {
			isa = PBXGroup;
			children = (
				04B07A69292120D3003F896F /* Download.storyboard */,
				04B07A722921245E003F896F /* DownloadViewController.swift */,
			);
			path = Downloads;
			sourceTree = "<group>";
		};
		04B07A6B29212144003F896F /* Main */ = {
			isa = PBXGroup;
			children = (
				04B07A4E2920E384003F896F /* Main.storyboard */,
				04B07A4C2920E384003F896F /* MainViewController.swift */,
			);
			path = Main;
			sourceTree = "<group>";
		};
		04B07A7629212ED3003F896F /* Extensions */ = {
			isa = PBXGroup;
			children = (
				04B07A7429212EC5003F896F /* UIColorExtensions.swift */,
			);
			path = Extensions;
			sourceTree = "<group>";
		};
		0F243D33117B24B64805CF7F /* Frameworks */ = {
			isa = PBXGroup;
			children = (
				163E3FD4F2A0082138F075E7 /* Pods_PodcastFTiOS.framework */,
			);
			name = Frameworks;
			sourceTree = "<group>";
		};
		6442C39C0281DC2D4509458A /* Pods */ = {
			isa = PBXGroup;
			children = (
				50C6DFD47814283F0892E8BA /* Pods-PodcastFTiOS.debug.xcconfig */,
				17B45833825C94D1C92D3969 /* Pods-PodcastFTiOS.release.xcconfig */,
			);
			path = Pods;
			sourceTree = "<group>";
		};
/* End PBXGroup section */

/* Begin PBXNativeTarget section */
		04B07A442920E384003F896F /* PodcastFTiOS */ = {
			isa = PBXNativeTarget;
			buildConfigurationList = 04B07A592920E387003F896F /* Build configuration list for PBXNativeTarget "PodcastFTiOS" */;
			buildPhases = (
				D6756245A2A68DA5095808E7 /* [CP] Check Pods Manifest.lock */,
				04B07A412920E384003F896F /* Sources */,
				04B07A422920E384003F896F /* Frameworks */,
				04B07A432920E384003F896F /* Resources */,
				4C7401FDADA2C85B26464DEF /* [CP] Embed Pods Frameworks */,
			);
			buildRules = (
			);
			dependencies = (
			);
			name = PodcastFTiOS;
			productName = PodcastFTiOS;
			productReference = 04B07A452920E384003F896F /* PodcastFTiOS.app */;
			productType = "com.apple.product-type.application";
		};
/* End PBXNativeTarget section */

/* Begin PBXProject section */
		04B07A3D2920E384003F896F /* Project object */ = {
			isa = PBXProject;
			attributes = {
				BuildIndependentTargetsInParallel = 1;
				LastSwiftUpdateCheck = 1320;
				LastUpgradeCheck = 1320;
				TargetAttributes = {
					04B07A442920E384003F896F = {
						CreatedOnToolsVersion = 13.2.1;
					};
				};
			};
			buildConfigurationList = 04B07A402920E384003F896F /* Build configuration list for PBXProject "PodcastFTiOS" */;
			compatibilityVersion = "Xcode 13.0";
			developmentRegion = en;
			hasScannedForEncodings = 0;
			knownRegions = (
				en,
				Base,
			);
			mainGroup = 04B07A3C2920E384003F896F;
			productRefGroup = 04B07A462920E384003F896F /* Products */;
			projectDirPath = "";
			projectRoot = "";
			targets = (
				04B07A442920E384003F896F /* PodcastFTiOS */,
			);
		};
/* End PBXProject section */

/* Begin PBXResourcesBuildPhase section */
		04B07A432920E384003F896F /* Resources */ = {
			isa = PBXResourcesBuildPhase;
			buildActionMask = 2147483647;
			files = (
				04B07A6A292120D3003F896F /* Download.storyboard in Resources */,
				04B07A552920E387003F896F /* LaunchScreen.storyboard in Resources */,
				04B07A522920E387003F896F /* Assets.xcassets in Resources */,
				04B07A68292120BC003F896F /* Favorite.storyboard in Resources */,
				04B07A66292120A9003F896F /* Explore.storyboard in Resources */,
				04853165292399C500D37F59 /* Player.storyboard in Resources */,
				04B07A502920E384003F896F /* Main.storyboard in Resources */,
				04B07A6429212098003F896F /* Home.storyboard in Resources */,
			);
			runOnlyForDeploymentPostprocessing = 0;
		};
/* End PBXResourcesBuildPhase section */

/* Begin PBXShellScriptBuildPhase section */
		4C7401FDADA2C85B26464DEF /* [CP] Embed Pods Frameworks */ = {
			isa = PBXShellScriptBuildPhase;
			buildActionMask = 2147483647;
			files = (
			);
			inputFileListPaths = (
				"${PODS_ROOT}/Target Support Files/Pods-PodcastFTiOS/Pods-PodcastFTiOS-frameworks-${CONFIGURATION}-input-files.xcfilelist",
			);
			name = "[CP] Embed Pods Frameworks";
			outputFileListPaths = (
				"${PODS_ROOT}/Target Support Files/Pods-PodcastFTiOS/Pods-PodcastFTiOS-frameworks-${CONFIGURATION}-output-files.xcfilelist",
			);
			runOnlyForDeploymentPostprocessing = 0;
			shellPath = /bin/sh;
			shellScript = "\"${PODS_ROOT}/Target Support Files/Pods-PodcastFTiOS/Pods-PodcastFTiOS-frameworks.sh\"\n";
			showEnvVarsInLog = 0;
		};
		D6756245A2A68DA5095808E7 /* [CP] Check Pods Manifest.lock */ = {
			isa = PBXShellScriptBuildPhase;
			buildActionMask = 2147483647;
			files = (
			);
			inputFileListPaths = (
			);
			inputPaths = (
				"${PODS_PODFILE_DIR_PATH}/Podfile.lock",
				"${PODS_ROOT}/Manifest.lock",
			);
			name = "[CP] Check Pods Manifest.lock";
			outputFileListPaths = (
			);
			outputPaths = (
				"$(DERIVED_FILE_DIR)/Pods-PodcastFTiOS-checkManifestLockResult.txt",
			);
			runOnlyForDeploymentPostprocessing = 0;
			shellPath = /bin/sh;
			shellScript = "diff \"${PODS_PODFILE_DIR_PATH}/Podfile.lock\" \"${PODS_ROOT}/Manifest.lock\" > /dev/null\nif [ $? != 0 ] ; then\n    # print error to STDERR\n    echo \"error: The sandbox is not in sync with the Podfile.lock. Run 'pod install' or update your CocoaPods installation.\" >&2\n    exit 1\nfi\n# This output is used by Xcode 'outputs' to avoid re-running this script phase.\necho \"SUCCESS\" > \"${SCRIPT_OUTPUT_FILE_0}\"\n";
			showEnvVarsInLog = 0;
		};
/* End PBXShellScriptBuildPhase section */

/* Begin PBXSourcesBuildPhase section */
		04B07A412920E384003F896F /* Sources */ = {
			isa = PBXSourcesBuildPhase;
			buildActionMask = 2147483647;
			files = (
				04B07A4D2920E384003F896F /* MainViewController.swift in Sources */,
				04B07A492920E384003F896F /* AppDelegate.swift in Sources */,
				04B07A6F292122AD003F896F /* ExploreViewController.swift in Sources */,
				04B07A732921245E003F896F /* DownloadViewController.swift in Sources */,
				04B07A4B2920E384003F896F /* SceneDelegate.swift in Sources */,
				048531692924B3D400D37F59 /* HomeItemListViewCell.swift in Sources */,
				04B07A7829213373003F896F /* Service.swift in Sources */,
				04B07A712921244B003F896F /* FavoriteViewController.swift in Sources */,
				04B07A6D292121F9003F896F /* HomeViewController.swift in Sources */,
				04B07A7529212EC6003F896F /* UIColorExtensions.swift in Sources */,
				04EBEFBF2924CC1400CEA85F /* HomeItem2ViewCell.swift in Sources */,
				04EBEFBD2924CBF500CEA85F /* HomeItem1ViewCell.swift in Sources */,
				04853167292399FA00D37F59 /* PlayerViewController.swift in Sources */,
			);
			runOnlyForDeploymentPostprocessing = 0;
		};
/* End PBXSourcesBuildPhase section */

/* Begin PBXVariantGroup section */
		04B07A4E2920E384003F896F /* Main.storyboard */ = {
			isa = PBXVariantGroup;
			children = (
				04B07A4F2920E384003F896F /* Base */,
			);
			name = Main.storyboard;
			sourceTree = "<group>";
		};
		04B07A532920E387003F896F /* LaunchScreen.storyboard */ = {
			isa = PBXVariantGroup;
			children = (
				04B07A542920E387003F896F /* Base */,
			);
			name = LaunchScreen.storyboard;
			sourceTree = "<group>";
		};
/* End PBXVariantGroup section */

/* Begin XCBuildConfiguration section */
		04B07A572920E387003F896F /* Debug */ = {
			isa = XCBuildConfiguration;
			buildSettings = {
				ALWAYS_SEARCH_USER_PATHS = NO;
				CLANG_ANALYZER_NONNULL = YES;
				CLANG_ANALYZER_NUMBER_OBJECT_CONVERSION = YES_AGGRESSIVE;
				CLANG_CXX_LANGUAGE_STANDARD = "gnu++17";
				CLANG_CXX_LIBRARY = "libc++";
				CLANG_ENABLE_MODULES = YES;
				CLANG_ENABLE_OBJC_ARC = YES;
				CLANG_ENABLE_OBJC_WEAK = YES;
				CLANG_WARN_BLOCK_CAPTURE_AUTORELEASING = YES;
				CLANG_WARN_BOOL_CONVERSION = YES;
				CLANG_WARN_COMMA = YES;
				CLANG_WARN_CONSTANT_CONVERSION = YES;
				CLANG_WARN_DEPRECATED_OBJC_IMPLEMENTATIONS = YES;
				CLANG_WARN_DIRECT_OBJC_ISA_USAGE = YES_ERROR;
				CLANG_WARN_DOCUMENTATION_COMMENTS = YES;
				CLANG_WARN_EMPTY_BODY = YES;
				CLANG_WARN_ENUM_CONVERSION = YES;
				CLANG_WARN_INFINITE_RECURSION = YES;
				CLANG_WARN_INT_CONVERSION = YES;
				CLANG_WARN_NON_LITERAL_NULL_CONVERSION = YES;
				CLANG_WARN_OBJC_IMPLICIT_RETAIN_SELF = YES;
				CLANG_WARN_OBJC_LITERAL_CONVERSION = YES;
				CLANG_WARN_OBJC_ROOT_CLASS = YES_ERROR;
				CLANG_WARN_QUOTED_INCLUDE_IN_FRAMEWORK_HEADER = YES;
				CLANG_WARN_RANGE_LOOP_ANALYSIS = YES;
				CLANG_WARN_STRICT_PROTOTYPES = YES;
				CLANG_WARN_SUSPICIOUS_MOVE = YES;
				CLANG_WARN_UNGUARDED_AVAILABILITY = YES_AGGRESSIVE;
				CLANG_WARN_UNREACHABLE_CODE = YES;
				CLANG_WARN__DUPLICATE_METHOD_MATCH = YES;
				COPY_PHASE_STRIP = NO;
				DEBUG_INFORMATION_FORMAT = dwarf;
				ENABLE_STRICT_OBJC_MSGSEND = YES;
				ENABLE_TESTABILITY = YES;
				GCC_C_LANGUAGE_STANDARD = gnu11;
				GCC_DYNAMIC_NO_PIC = NO;
				GCC_NO_COMMON_BLOCKS = YES;
				GCC_OPTIMIZATION_LEVEL = 0;
				GCC_PREPROCESSOR_DEFINITIONS = (
					"DEBUG=1",
					"$(inherited)",
				);
				GCC_WARN_64_TO_32_BIT_CONVERSION = YES;
				GCC_WARN_ABOUT_RETURN_TYPE = YES_ERROR;
				GCC_WARN_UNDECLARED_SELECTOR = YES;
				GCC_WARN_UNINITIALIZED_AUTOS = YES_AGGRESSIVE;
				GCC_WARN_UNUSED_FUNCTION = YES;
				GCC_WARN_UNUSED_VARIABLE = YES;
				IPHONEOS_DEPLOYMENT_TARGET = 15.2;
				MTL_ENABLE_DEBUG_INFO = INCLUDE_SOURCE;
				MTL_FAST_MATH = YES;
				ONLY_ACTIVE_ARCH = YES;
				SDKROOT = iphoneos;
				SWIFT_ACTIVE_COMPILATION_CONDITIONS = DEBUG;
				SWIFT_OPTIMIZATION_LEVEL = "-Onone";
			};
			name = Debug;
		};
		04B07A582920E387003F896F /* Release */ = {
			isa = XCBuildConfiguration;
			buildSettings = {
				ALWAYS_SEARCH_USER_PATHS = NO;
				CLANG_ANALYZER_NONNULL = YES;
				CLANG_ANALYZER_NUMBER_OBJECT_CONVERSION = YES_AGGRESSIVE;
				CLANG_CXX_LANGUAGE_STANDARD = "gnu++17";
				CLANG_CXX_LIBRARY = "libc++";
				CLANG_ENABLE_MODULES = YES;
				CLANG_ENABLE_OBJC_ARC = YES;
				CLANG_ENABLE_OBJC_WEAK = YES;
				CLANG_WARN_BLOCK_CAPTURE_AUTORELEASING = YES;
				CLANG_WARN_BOOL_CONVERSION = YES;
				CLANG_WARN_COMMA = YES;
				CLANG_WARN_CONSTANT_CONVERSION = YES;
				CLANG_WARN_DEPRECATED_OBJC_IMPLEMENTATIONS = YES;
				CLANG_WARN_DIRECT_OBJC_ISA_USAGE = YES_ERROR;
				CLANG_WARN_DOCUMENTATION_COMMENTS = YES;
				CLANG_WARN_EMPTY_BODY = YES;
				CLANG_WARN_ENUM_CONVERSION = YES;
				CLANG_WARN_INFINITE_RECURSION = YES;
				CLANG_WARN_INT_CONVERSION = YES;
				CLANG_WARN_NON_LITERAL_NULL_CONVERSION = YES;
				CLANG_WARN_OBJC_IMPLICIT_RETAIN_SELF = YES;
				CLANG_WARN_OBJC_LITERAL_CONVERSION = YES;
				CLANG_WARN_OBJC_ROOT_CLASS = YES_ERROR;
				CLANG_WARN_QUOTED_INCLUDE_IN_FRAMEWORK_HEADER = YES;
				CLANG_WARN_RANGE_LOOP_ANALYSIS = YES;
				CLANG_WARN_STRICT_PROTOTYPES = YES;
				CLANG_WARN_SUSPICIOUS_MOVE = YES;
				CLANG_WARN_UNGUARDED_AVAILABILITY = YES_AGGRESSIVE;
				CLANG_WARN_UNREACHABLE_CODE = YES;
				CLANG_WARN__DUPLICATE_METHOD_MATCH = YES;
				COPY_PHASE_STRIP = NO;
				DEBUG_INFORMATION_FORMAT = "dwarf-with-dsym";
				ENABLE_NS_ASSERTIONS = NO;
				ENABLE_STRICT_OBJC_MSGSEND = YES;
				GCC_C_LANGUAGE_STANDARD = gnu11;
				GCC_NO_COMMON_BLOCKS = YES;
				GCC_WARN_64_TO_32_BIT_CONVERSION = YES;
				GCC_WARN_ABOUT_RETURN_TYPE = YES_ERROR;
				GCC_WARN_UNDECLARED_SELECTOR = YES;
				GCC_WARN_UNINITIALIZED_AUTOS = YES_AGGRESSIVE;
				GCC_WARN_UNUSED_FUNCTION = YES;
				GCC_WARN_UNUSED_VARIABLE = YES;
				IPHONEOS_DEPLOYMENT_TARGET = 15.2;
				MTL_ENABLE_DEBUG_INFO = NO;
				MTL_FAST_MATH = YES;
				SDKROOT = iphoneos;
				SWIFT_COMPILATION_MODE = wholemodule;
				SWIFT_OPTIMIZATION_LEVEL = "-O";
				VALIDATE_PRODUCT = YES;
			};
			name = Release;
		};
		04B07A5A2920E387003F896F /* Debug */ = {
			isa = XCBuildConfiguration;
			baseConfigurationReference = 50C6DFD47814283F0892E8BA /* Pods-PodcastFTiOS.debug.xcconfig */;
			buildSettings = {
				ASSETCATALOG_COMPILER_APPICON_NAME = AppIcon;
				ASSETCATALOG_COMPILER_GLOBAL_ACCENT_COLOR_NAME = AccentColor;
				CODE_SIGN_STYLE = Automatic;
				CURRENT_PROJECT_VERSION = 1;
				DEVELOPMENT_TEAM = H483TM3N88;
				GENERATE_INFOPLIST_FILE = YES;
				INFOPLIST_FILE = PodcastFTiOS/Info.plist;
				INFOPLIST_KEY_UIApplicationSupportsIndirectInputEvents = YES;
				INFOPLIST_KEY_UILaunchStoryboardName = LaunchScreen;
				INFOPLIST_KEY_UIMainStoryboardFile = Main;
				INFOPLIST_KEY_UIStatusBarHidden = NO;
				INFOPLIST_KEY_UISupportedInterfaceOrientations_iPad = "UIInterfaceOrientationPortrait UIInterfaceOrientationPortraitUpsideDown UIInterfaceOrientationLandscapeLeft UIInterfaceOrientationLandscapeRight";
				INFOPLIST_KEY_UISupportedInterfaceOrientations_iPhone = "UIInterfaceOrientationPortrait UIInterfaceOrientationLandscapeLeft UIInterfaceOrientationLandscapeRight";
				LD_RUNPATH_SEARCH_PATHS = (
					"$(inherited)",
					"@executable_path/Frameworks",
				);
				MARKETING_VERSION = 1.0;
				PRODUCT_BUNDLE_IDENTIFIER = com.aldybuana.PodcastFTiOS;
				PRODUCT_NAME = "$(TARGET_NAME)";
				SWIFT_EMIT_LOC_STRINGS = YES;
				SWIFT_VERSION = 5.0;
				TARGETED_DEVICE_FAMILY = "1,2";
			};
			name = Debug;
		};
		04B07A5B2920E387003F896F /* Release */ = {
			isa = XCBuildConfiguration;
			baseConfigurationReference = 17B45833825C94D1C92D3969 /* Pods-PodcastFTiOS.release.xcconfig */;
			buildSettings = {
				ASSETCATALOG_COMPILER_APPICON_NAME = AppIcon;
				ASSETCATALOG_COMPILER_GLOBAL_ACCENT_COLOR_NAME = AccentColor;
				CODE_SIGN_STYLE = Automatic;
				CURRENT_PROJECT_VERSION = 1;
				DEVELOPMENT_TEAM = H483TM3N88;
				GENERATE_INFOPLIST_FILE = YES;
				INFOPLIST_FILE = PodcastFTiOS/Info.plist;
				INFOPLIST_KEY_UIApplicationSupportsIndirectInputEvents = YES;
				INFOPLIST_KEY_UILaunchStoryboardName = LaunchScreen;
				INFOPLIST_KEY_UIMainStoryboardFile = Main;
				INFOPLIST_KEY_UIStatusBarHidden = NO;
				INFOPLIST_KEY_UISupportedInterfaceOrientations_iPad = "UIInterfaceOrientationPortrait UIInterfaceOrientationPortraitUpsideDown UIInterfaceOrientationLandscapeLeft UIInterfaceOrientationLandscapeRight";
				INFOPLIST_KEY_UISupportedInterfaceOrientations_iPhone = "UIInterfaceOrientationPortrait UIInterfaceOrientationLandscapeLeft UIInterfaceOrientationLandscapeRight";
				LD_RUNPATH_SEARCH_PATHS = (
					"$(inherited)",
					"@executable_path/Frameworks",
				);
				MARKETING_VERSION = 1.0;
				PRODUCT_BUNDLE_IDENTIFIER = com.aldybuana.PodcastFTiOS;
				PRODUCT_NAME = "$(TARGET_NAME)";
				SWIFT_EMIT_LOC_STRINGS = YES;
				SWIFT_VERSION = 5.0;
				TARGETED_DEVICE_FAMILY = "1,2";
			};
			name = Release;
		};
/* End XCBuildConfiguration section */

/* Begin XCConfigurationList section */
		04B07A402920E384003F896F /* Build configuration list for PBXProject "PodcastFTiOS" */ = {
			isa = XCConfigurationList;
			buildConfigurations = (
				04B07A572920E387003F896F /* Debug */,
				04B07A582920E387003F896F /* Release */,
			);
			defaultConfigurationIsVisible = 0;
			defaultConfigurationName = Release;
		};
		04B07A592920E387003F896F /* Build configuration list for PBXNativeTarget "PodcastFTiOS" */ = {
			isa = XCConfigurationList;
			buildConfigurations = (
				04B07A5A2920E387003F896F /* Debug */,
				04B07A5B2920E387003F896F /* Release */,
			);
			defaultConfigurationIsVisible = 0;
			defaultConfigurationName = Release;
		};
/* End XCConfigurationList section */
	};
	rootObject = 04B07A3D2920E384003F896F /* Project object */;
}
